{
  "name": "root",
  "version": "0.0.1",
  "lockfileVersion": 2,
  "requires": true,
  "packages": {
    "": {
      "name": "root",
      "version": "0.0.1",
      "license": "MIT",
      "workspaces": [
        "./packages/*"
      ],
      "devDependencies": {
        "prettier": "^2.7.1"
      }
    },
    "node_modules/prettier": {
      "version": "2.7.1",
      "resolved": "https://registry.npmjs.org/prettier/-/prettier-2.7.1.tgz",
      "integrity": "sha512-ujppO+MkdPqoVINuDFDRLClm7D78qbDt0/NR+wp5FqEZOoTNAjPHWj17QRhu7geIHJfcNhRk1XVQmF8Bp3ye+g==",
      "dev": true,
      "bin": {
        "prettier": "bin-prettier.js"
      },
      "engines": {
        "node": ">=10.13.0"
      },
      "funding": {
        "url": "https://github.com/prettier/prettier?sponsor=1"
      }
    },
    "packages/cli": {
      "name": "@osmoscraft/osmosfeed",
      "version": "1.15.0",
      "extraneous": true,
      "license": "MIT",
      "dependencies": {
        "axios": "^0.27.2",
        "cheerio": "^1.0.0-rc.10",
        "feed": "^4.2.2",
        "handlebars": "^4.7.7",
        "js-yaml": "^4.1.0",
        "rss-parser": "^3.12.0"
      },
      "bin": {
        "osmosfeed": "main.js"
      },
      "devDependencies": {
        "@types/js-yaml": "^4.0.5",
        "@types/node": "^16.11.24",
        "@vitest/ui": "^0.15.1",
        "esbuild": "^0.14.11",
        "vitest": "^0.15.1"
      }
    },
    "packages/sandbox": {
      "name": "osmosfeed-sandbox",
      "version": "1.0.0",
      "extraneous": true,
      "license": "MIT"
    },
    "packages/test": {
      "name": "osmosfeed-test",
      "version": "1.0.0",
      "extraneous": true,
      "license": "MIT",
      "devDependencies": {
        "@types/node": "^16.10.1"
      }
    }
  },
  "dependencies": {
    "prettier": {
      "version": "2.7.1",
      "resolved": "https://registry.npmjs.org/prettier/-/prettier-2.7.1.tgz",
      "integrity": "sha512-ujppO+MkdPqoVINuDFDRLClm7D78qbDt0/NR+wp5FqEZOoTNAjPHWj17QRhu7geIHJfcNhRk1XVQmF8Bp3ye+g==",
      "dev": true
    }
  }
}
