{
  "name": "@osmosframe/test-utils",
  "version": "1.0.0",
  "lockfileVersion": 2,
  "requires": true,
  "packages": {
    "": {
      "name": "@osmosframe/test-utils",
      "version": "1.0.0",
      "license": "ISC",
      "devDependencies": {
        "@types/node": "^16.7.1"
      }
    },
    "node_modules/@types/node": {
      "version": "16.7.1",
      "resolved": "https://registry.npmjs.org/@types/node/-/node-16.7.1.tgz",
      "integrity": "sha512-ncRdc45SoYJ2H4eWU9ReDfp3vtFqDYhjOsKlFFUDEn8V1Bgr2RjYal8YT5byfadWIRluhPFU6JiDOl0H6Sl87A==",
      "dev": true
    }
  },
  "dependencies": {
    "@types/node": {
      "version": "16.7.1",
      "resolved": "https://registry.npmjs.org/@types/node/-/node-16.7.1.tgz",
      "integrity": "sha512-ncRdc45SoYJ2H4eWU9ReDfp3vtFqDYhjOsKlFFUDEn8V1Bgr2RjYal8YT5byfadWIRluhPFU6JiDOl0H6Sl87A==",
      "dev": true
    }
  }
}
